# THIS IS AN AUTOGENERATED FILE. DO NOT EDIT THIS FILE DIRECTLY.
# yarn lockfile v1


centra@^2.4.2:
  version "2.4.2"
  resolved "https://registry.yarnpkg.com/centra/-/centra-2.4.2.tgz#3bad51dbca2250dbecad84598dc7184973f4c4a9"
  integrity sha512-f1RaP0V1HqVNEXfLfjNBthB2yy3KnSGnPCnOPCFLUk9e/Z4rNJ8nBaJNnghflnp88mi1IT8mfmW+HlMS1/H+bg==

phin@^3.5.1:
  version "3.5.1"
  resolved "https://registry.yarnpkg.com/phin/-/phin-3.5.1.tgz#41ce07aa7eb23b1f7ded89fc00a464addddac972"
  integrity sha512-jgFO28IaiWAl0xk+zmqVx7neKVokWKU8YTQC5QlB45SZnEE53LH2saqJIcyIV557VX3Gk+TdR4rwWTc3P83DSA==
  dependencies:
    centra "^2.4.2"

ws@^7.4.3:
  version "7.4.6"
  resolved "https://registry.yarnpkg.com/ws/-/ws-7.4.6.tgz#5654ca8ecdeee47c33a9a4bf6d28e2be2980377c"
  integrity sha512-YmhHDO4MzaDLB+M9ym/mDA5z0naX8j7SIlT8f8z+I0VtzsRbekxEutHSme7NPS2qE8StCYQNUnfWdXta/Yu85A==
